{
  "name": "typescript-language-features",
  "version": "1.0.0",
  "lockfileVersion": 3,
  "requires": true,
  "packages": {
    "": {
      "name": "typescript-language-features",
      "version": "1.0.0",
      "license": "MIT",
      "dependencies": {
        "@vscode/extension-telemetry": "^1.5.1",
        "@vscode/sync-api-client": "^0.8.1",
        "@vscode/sync-api-common": "^0.8.1",
        "@vscode/sync-api-service": "^0.8.1",
        "@vscode/ts-package-manager": "^0.0.2",
        "jsonc-parser": "^3.3.1",
        "semver": "7.7.4",
        "vscode-tas-client": "^0.1.84",
        "vscode-uri": "^3.1.0"
      },
      "devDependencies": {
        "@types/node": "25.x",
        "@types/semver": "^7.7.1"
      },
      "engines": {
        "vscode": "^1.30.0"
      }
    },
    "node_modules/@microsoft/1ds-core-js": {
      "version": "4.3.10",
      "resolved": "https://registry.npmjs.org/@microsoft/1ds-core-js/-/1ds-core-js-4.3.10.tgz",
      "integrity": "sha512-5fSZmkGwWkH+mrIA5M1GYPZdPM+SjXwCCl2Am7VhFoVwOBJNhRnwvIpAdzw6sFjiebN/rz+/YH0NdxztGZSa9Q==",
      "license": "MIT",
      "dependencies": {
        "@microsoft/applicationinsights-core-js": "3.3.10",
        "@microsoft/applicationinsights-shims": "3.0.1",
        "@microsoft/dynamicproto-js": "^2.0.3",
        "@nevware21/ts-async": ">= 0.5.4 < 2.x",
        "@nevware21/ts-utils": ">= 0.11.8 < 2.x"
      }
    },
    "node_modules/@microsoft/1ds-post-js": {
      "version": "4.3.10",
      "resolved": "https://registry.npmjs.org/@microsoft/1ds-post-js/-/1ds-post-js-4.3.10.tgz",
      "integrity": "sha512-VSLjc9cT+Y+eTiSfYltJHJCejn8oYr0E6Pq2BMhOEO7F6IyLGYIxzKKvo78ze9x+iHX7KPTATcZ+PFgjGXuNqg==",
      "license": "MIT",
      "dependencies": {
        "@microsoft/1ds-core-js": "4.3.10",
        "@microsoft/applicationinsights-shims": "3.0.1",
        "@microsoft/dynamicproto-js": "^2.0.3",
        "@nevware21/ts-async": ">= 0.5.4 < 2.x",
        "@nevware21/ts-utils": ">= 0.11.8 < 2.x"
      }
    },
    "node_modules/@microsoft/applicationinsights-channel-js": {
      "version": "3.3.10",
      "resolved": "https://registry.npmjs.org/@microsoft/applicationinsights-channel-js/-/applicationinsights-channel-js-3.3.10.tgz",
      "integrity": "sha512-iolFLz1ocWAzIQqHIEjjov3gNTPkgFQ4ArHnBcJEYoffOGWlJt6copaevS5YPI5rHzmbySsengZ8cLJJBBrXzQ==",
      "license": "MIT",
      "dependencies": {
        "@microsoft/applicationinsights-common": "3.3.10",
        "@microsoft/applicationinsights-core-js": "3.3.10",
        "@microsoft/applicationinsights-shims": "3.0.1",
        "@microsoft/dynamicproto-js": "^2.0.3",
        "@nevware21/ts-async": ">= 0.5.4 < 2.x",
        "@nevware21/ts-utils": ">= 0.11.8 < 2.x"
      },
      "peerDependencies": {
        "tslib": ">= 1.0.0"
      }
    },
    "node_modules/@microsoft/applicationinsights-common": {
      "version": "3.3.10",
      "resolved": "https://registry.npmjs.org/@microsoft/applicationinsights-common/-/applicationinsights-common-3.3.10.tgz",
      "integrity": "sha512-RVIenPIvNgZCbjJdALvLM4rNHgAFuHI7faFzHCgnI6S2WCUNGHeXlQTs9EUUrL+n2TPp9/cd0KKMILU5VVyYiA==",
      "license": "MIT",
      "dependencies": {
        "@microsoft/applicationinsights-core-js": "3.3.10",
        "@microsoft/applicationinsights-shims": "3.0.1",
        "@microsoft/dynamicproto-js": "^2.0.3",
        "@nevware21/ts-utils": ">= 0.11.8 < 2.x"
      },
      "peerDependencies": {
        "tslib": ">= 1.0.0"
      }
    },
    "node_modules/@microsoft/applicationinsights-core-js": {
      "version": "3.3.10",
      "resolved": "https://registry.npmjs.org/@microsoft/applicationinsights-core-js/-/applicationinsights-core-js-3.3.10.tgz",
      "integrity": "sha512-5yKeyassZTq2l+SAO4npu6LPnbS++UD+M+Ghjm9uRzoBwD8tumFx0/F8AkSVqbniSREd+ztH/2q2foewa2RZyg==",
      "license": "MIT",
      "dependencies": {
        "@microsoft/applicationinsights-shims": "3.0.1",
        "@microsoft/dynamicproto-js": "^2.0.3",
        "@nevware21/ts-async": ">= 0.5.4 < 2.x",
        "@nevware21/ts-utils": ">= 0.11.8 < 2.x"
      },
      "peerDependencies": {
        "tslib": ">= 1.0.0"
      }
    },
    "node_modules/@microsoft/applicationinsights-shims": {
      "version": "3.0.1",
      "resolved": "https://registry.npmjs.org/@microsoft/applicationinsights-shims/-/applicationinsights-shims-3.0.1.tgz",
      "integrity": "sha512-DKwboF47H1nb33rSUfjqI6ryX29v+2QWcTrRvcQDA32AZr5Ilkr7whOOSsD1aBzwqX0RJEIP1Z81jfE3NBm/Lg==",
      "license": "MIT",
      "dependencies": {
        "@nevware21/ts-utils": ">= 0.9.4 < 2.x"
      }
    },
    "node_modules/@microsoft/applicationinsights-web-basic": {
      "version": "3.3.10",
      "resolved": "https://registry.npmjs.org/@microsoft/applicationinsights-web-basic/-/applicationinsights-web-basic-3.3.10.tgz",
      "integrity": "sha512-AZib5DAT3NU0VT0nLWEwXrnoMDDgZ/5S4dso01CNU5ELNxLdg+1fvchstlVdMy4FrAnxzs8Wf/GIQNFYOVgpAw==",
      "license": "MIT",
      "dependencies": {
        "@microsoft/applicationinsights-channel-js": "3.3.10",
        "@microsoft/applicationinsights-common": "3.3.10",
        "@microsoft/applicationinsights-core-js": "3.3.10",
        "@microsoft/applicationinsights-shims": "3.0.1",
        "@microsoft/dynamicproto-js": "^2.0.3",
        "@nevware21/ts-async": ">= 0.5.4 < 2.x",
        "@nevware21/ts-utils": ">= 0.11.8 < 2.x"
      },
      "peerDependencies": {
        "tslib": ">= 1.0.0"
      }
    },
    "node_modules/@microsoft/dynamicproto-js": {
      "version": "2.0.3",
      "resolved": "https://registry.npmjs.org/@microsoft/dynamicproto-js/-/dynamicproto-js-2.0.3.tgz",
      "integrity": "sha512-JTWTU80rMy3mdxOjjpaiDQsTLZ6YSGGqsjURsY6AUQtIj0udlF/jYmhdLZu8693ZIC0T1IwYnFa0+QeiMnziBA==",
      "license": "MIT",
      "dependencies": {
        "@nevware21/ts-utils": ">= 0.10.4 < 2.x"
      }
    },
    "node_modules/@nevware21/ts-async": {
      "version": "0.5.4",
      "resolved": "https://registry.npmjs.org/@nevware21/ts-async/-/ts-async-0.5.4.tgz",
      "integrity": "sha512-IBTyj29GwGlxfzXw2NPnzty+w0Adx61Eze1/lknH/XIVdxtF9UnOpk76tnrHXWa6j84a1RR9hsOcHQPFv9qJjA==",
      "license": "MIT",
      "dependencies": {
        "@nevware21/ts-utils": ">= 0.11.6 < 2.x"
      }
    },
    "node_modules/@nevware21/ts-utils": {
      "version": "0.12.5",
      "resolved": "https://registry.npmjs.org/@nevware21/ts-utils/-/ts-utils-0.12.5.tgz",
      "integrity": "sha512-JPQZWPKQJjj7kAftdEZL0XDFfbMgXCGiUAZe0d7EhLC3QlXTlZdSckGqqRIQ2QNl0VTEZyZUvRBw6Ednw089Fw==",
      "license": "MIT"
    },
    "node_modules/@types/node": {
      "version": "25.3.5",
      "resolved": "https://registry.npmjs.org/@types/node/-/node-25.3.5.tgz",
      "integrity": "sha512-oX8xrhvpiyRCQkG1MFchB09f+cXftgIXb3a7UUa4Y3wpmZPw5tyZGTLWhlESOLq1Rq6oDlc8npVU2/9xiCuXMA==",
      "dev": true,
      "license": "MIT",
      "dependencies": {
        "undici-types": "~7.18.0"
      }
    },
    "node_modules/@types/semver": {
      "version": "7.7.1",
      "resolved": "https://registry.npmjs.org/@types/semver/-/semver-7.7.1.tgz",
      "integrity": "sha512-FmgJfu+MOcQ370SD0ev7EI8TlCAfKYU+B4m5T3yXc1CiRN94g/SZPtsCkk506aUDtlMnFZvasDwHHUcZUEaYuA==",
      "dev": true,
      "license": "MIT"
    },
    "node_modules/@vscode/extension-telemetry": {
      "version": "1.5.1",
      "resolved": "https://registry.npmjs.org/@vscode/extension-telemetry/-/extension-telemetry-1.5.1.tgz",
      "integrity": "sha512-rnRRQIRCwRdbcQ0QV5ajKJRz8noEIoQA2hX9VjAlVAVB85+ClbaPNhljobFXgW31ue69FRO6KPE4XJ/lLgKt/Q==",
      "license": "MIT",
      "dependencies": {
        "@microsoft/1ds-core-js": "^4.3.10",
        "@microsoft/1ds-post-js": "^4.3.10",
        "@microsoft/applicationinsights-web-basic": "^3.3.10"
      },
      "engines": {
        "vscode": "^1.75.0"
      }
    },
    "node_modules/@vscode/sync-api-client": {
      "version": "0.8.1",
      "resolved": "https://registry.npmjs.org/@vscode/sync-api-client/-/sync-api-client-0.8.1.tgz",
      "integrity": "sha512-82NRZpZlvRtlFoqi/J8xGw964F8ZfJJeJu2D9QMAAzq8BMDCXqkhO2qHApnyEV4gG2mQSaHtfw0f30GOPExgUg==",
      "license": "MIT",
      "dependencies": {
        "@vscode/sync-api-common": "0.8.1",
        "vscode-uri": "^3.0.6"
      },
      "engines": {
        "node": ">=16.14.2"
      }
    },
    "node_modules/@vscode/sync-api-common": {
      "version": "0.8.1",
      "resolved": "https://registry.npmjs.org/@vscode/sync-api-common/-/sync-api-common-0.8.1.tgz",
      "integrity": "sha512-XfanQNxkUlCpAsQ2+1SzNEdoY7jtcu48jYBR0n864ZWAWrH7m2QBK32YoNlrDN2V0eh8tdF0WH1NuHOm3Y021A==",
      "license": "MIT",
      "engines": {
        "node": ">=16.14.2"
      }
    },
    "node_modules/@vscode/sync-api-service": {
      "version": "0.8.1",
      "resolved": "https://registry.npmjs.org/@vscode/sync-api-service/-/sync-api-service-0.8.1.tgz",
      "integrity": "sha512-W9mWVJcnxqqmGIgYKwddMuBsCFff+nxkA67nGlnRGUjpu6Mb+CoYaYLwFriq2c74zpRyMsON7Nfhh5zlFvTAeg==",
      "license": "MIT",
      "dependencies": {
        "@vscode/sync-api-common": "0.8.1",
        "uuid": "^9.0.0",
        "vscode-uri": "^3.0.6"
      },
      "engines": {
        "node": ">=16.14.2",
        "vscode": "^1.71.0"
      }
    },
    "node_modules/@vscode/ts-package-manager": {
      "version": "0.0.2",
      "resolved": "https://registry.npmjs.org/@vscode/ts-package-manager/-/ts-package-manager-0.0.2.tgz",
      "integrity": "sha512-cXPxGbPVTkEQI8mUiWYUwB6j3ga6M9i7yubUOCrjgZ01GeZPMSnaWRprfJ09uuy81wJjY2gfHgLsOgwrGvUBTw==",
      "engines": {
        "node": "*"
      }
    },
    "node_modules/jsonc-parser": {
      "version": "3.3.1",
      "resolved": "https://registry.npmjs.org/jsonc-parser/-/jsonc-parser-3.3.1.tgz",
      "integrity": "sha512-HUgH65KyejrUFPvHFPbqOY0rsFip3Bo5wb4ngvdi1EpCYWUQDC5V+Y7mZws+DLkr4M//zQJoanu1SP+87Dv1oQ==",
      "license": "MIT"
    },
    "node_modules/semver": {
      "version": "7.7.4",
      "resolved": "https://registry.npmjs.org/semver/-/semver-7.7.4.tgz",
      "integrity": "sha512-vFKC2IEtQnVhpT78h1Yp8wzwrf8CM+MzKMHGJZfBtzhZNycRFnXsHk6E5TxIkkMsgNS7mdX3AGB7x2QM2di4lA==",
      "license": "ISC",
      "bin": {
        "semver": "bin/semver.js"
      },
      "engines": {
        "node": ">=10"
      }
    },
    "node_modules/tas-client": {
      "version": "0.2.33",
      "resolved": "https://registry.npmjs.org/tas-client/-/tas-client-0.2.33.tgz",
      "integrity": "sha512-V+uqV66BOQnWxvI6HjDnE4VkInmYZUQ4dgB7gzaDyFyFSK1i1nF/j7DpS9UbQAgV9NaF1XpcyuavnM1qOeiEIg=="
    },
    "node_modules/undici-types": {
      "version": "7.18.2",
      "resolved": "https://registry.npmjs.org/undici-types/-/undici-types-7.18.2.tgz",
      "integrity": "sha512-AsuCzffGHJybSaRrmr5eHr81mwJU3kjw6M+uprWvCXiNeN9SOGwQ3Jn8jb8m3Z6izVgknn1R0FTCEAP2QrLY/w==",
      "dev": true,
      "license": "MIT"
    },
    "node_modules/uuid": {
      "version": "9.0.1",
      "resolved": "https://registry.npmjs.org/uuid/-/uuid-9.0.1.tgz",
      "integrity": "sha512-b+1eJOlsR9K8HJpow9Ok3fiWOWSIcIzXodvv0rQjVoOVNpWMpxf1wZNpt4y9h10odCNrqnYp1OBzRktckBe3sA==",
      "funding": [
        "https://github.com/sponsors/broofa",
        "https://github.com/sponsors/ctavan"
      ],
      "license": "MIT",
      "bin": {
        "uuid": "dist/bin/uuid"
      }
    },
    "node_modules/vscode-tas-client": {
      "version": "0.1.84",
      "resolved": "https://registry.npmjs.org/vscode-tas-client/-/vscode-tas-client-0.1.84.tgz",
      "integrity": "sha512-rUTrUopV+70hvx1hW5ebdw1nd6djxubkLvVxjGdyD/r5v/wcVF41LIfiAtbm5qLZDtQdsMH1IaCuDoluoIa88w==",
      "dependencies": {
        "tas-client": "0.2.33"
      },
      "engines": {
        "vscode": "^1.85.0"
      }
    },
    "node_modules/vscode-uri": {
      "version": "3.1.0",
      "resolved": "https://registry.npmjs.org/vscode-uri/-/vscode-uri-3.1.0.tgz",
      "integrity": "sha512-/BpdSx+yCQGnCvecbyXdxHDkuk55/G3xwnC0GqY4gmQ3j+A+g8kzzgB4Nk/SINjqn6+waqw3EgbVF2QKExkRxQ==",
      "license": "MIT"
    }
  }
}
