{
  "name": "test-monaco",
  "version": "1.0.0",
  "lockfileVersion": 3,
  "requires": true,
  "packages": {
    "": {
      "name": "test-monaco",
      "version": "1.0.0",
      "license": "MIT",
      "devDependencies": {
        "@types/chai": "^4.2.14",
        "chai": "^6.2.1",
        "warnings-to-errors-webpack-plugin": "^2.3.0"
      }
    },
    "node_modules/@types/chai": {
      "version": "4.2.14",
      "resolved": "https://registry.npmjs.org/@types/chai/-/chai-4.2.14.tgz",
      "integrity": "sha512-G+ITQPXkwTrslfG5L/BksmbLUA0M1iybEsmCWPqzSxsRRhJZimBKJkoMi8fr/CPygPTj4zO5pJH7I2/cm9M7SQ==",
      "dev": true
    },
    "node_modules/chai": {
      "version": "6.2.1",
      "resolved": "https://registry.npmjs.org/chai/-/chai-6.2.1.tgz",
      "integrity": "sha512-p4Z49OGG5W/WBCPSS/dH3jQ73kD6tiMmUM+bckNK6Jr5JHMG3k9bg/BvKR8lKmtVBKmOiuVaV2ws8s9oSbwysg==",
      "dev": true,
      "license": "MIT",
      "engines": {
        "node": ">=18"
      }
    },
    "node_modules/warnings-to-errors-webpack-plugin": {
      "version": "2.3.0",
      "resolved": "https://registry.npmjs.org/warnings-to-errors-webpack-plugin/-/warnings-to-errors-webpack-plugin-2.3.0.tgz",
      "integrity": "sha512-fzOyw+Ctr2MqJ+4UXKobDiOLzMMSBAdvGMWvZ4NRgTBCofAL2mmdfr6/Of3Bqz9Sq6R6xT5dLs6nnLLCtmppeQ==",
      "dev": true,
      "peerDependencies": {
        "webpack": "^2.2.0-rc || ^3 || ^4 || ^5"
      }
    }
  }
}
